
Microsoft Visual Studio Solution File, Format Version 12.00
# Visual Studio Version 16
VisualStudioVersion = 16.0.29613.14
MinimumVisualStudioVersion = 10.0.40219.1
Project("{2150E333-8FDC-42A3-9474-1A3956D46DE8}") = "src", "src", "{C2BEAD2A-3EB0-4E15-B2AF-389E67B3A69B}"
EndProject
Project("{2150E333-8FDC-42A3-9474-1A3956D46DE8}") = "1 - Service", "1 - Service", "{CE1F50A0-47B4-4A67-9DC9-39FFCDAF4E84}"
EndProject
Project("{2150E333-8FDC-42A3-9474-1A3956D46DE8}") = "2 - Application", "2 - Application", "{BF15BDB1-F44A-4010-824C-4BCCA5F77EFB}"
EndProject
Project("{2150E333-8FDC-42A3-9474-1A3956D46DE8}") = "3 - Domain", "3 - Domain", "{F74B7925-624C-4B16-84EC-1E8B08E132C2}"
EndProject
Project("{2150E333-8FDC-42A3-9474-1A3956D46DE8}") = "test", "test", "{60155D4E-CDEE-4BB8-AF86-C360C7AD761C}"
EndProject
Project("{9A19103F-16F7-4668-BE54-9A1E7A4F7556}") = "Login.Domain", "Login.Domain\Login.Domain.csproj", "{91E0EF5E-4375-4147-A96F-2B8554E8E328}"
EndProject
Project("{9A19103F-16F7-4668-BE54-9A1E7A4F7556}") = "Login.Application", "Login.Application\Login.Application.csproj", "{6D693BF9-D6AC-4AB8-8752-8DCBBBE2F047}"
EndProject
Project("{9A19103F-16F7-4668-BE54-9A1E7A4F7556}") = "Login.WebAPI", "Login.WebAPI\Login.WebAPI.csproj", "{072DDC89-28C7-426B-9EC7-7696B355D8F7}"
EndProject
Project("{9A19103F-16F7-4668-BE54-9A1E7A4F7556}") = "Login.Infra.Test", "Login.Infra.Test\Login.Infra.Test.csproj", "{98757F18-C946-4DDD-BEC6-81E1C686E5EC}"
EndProject
Project("{9A19103F-16F7-4668-BE54-9A1E7A4F7556}") = "Login.Domain.Test", "Login.Domain.Test\Login.Domain.Test.csproj", "{1B86E627-4E15-4E2E-A57C-B5A6CA395EF5}"
EndProject
Project("{2150E333-8FDC-42A3-9474-1A3956D46DE8}") = "4 - Infra", "4 - Infra", "{F8710A3E-E727-4B07-946B-30433C5BC5EE}"
EndProject
Project("{9A19103F-16F7-4668-BE54-9A1E7A4F7556}") = "Login.Infra", "Login.Infra\Login.Infra.csproj", "{D272BA23-E21D-4448-B0AA-1511C8443B8E}"
EndProject
Global
	GlobalSection(SolutionConfigurationPlatforms) = preSolution
		Debug|Any CPU = Debug|Any CPU
		Release|Any CPU = Release|Any CPU
	EndGlobalSection
	GlobalSection(ProjectConfigurationPlatforms) = postSolution
		{91E0EF5E-4375-4147-A96F-2B8554E8E328}.Debug|Any CPU.ActiveCfg = Debug|Any CPU
		{91E0EF5E-4375-4147-A96F-2B8554E8E328}.Debug|Any CPU.Build.0 = Debug|Any CPU
		{91E0EF5E-4375-4147-A96F-2B8554E8E328}.Release|Any CPU.ActiveCfg = Release|Any CPU
		{91E0EF5E-4375-4147-A96F-2B8554E8E328}.Release|Any CPU.Build.0 = Release|Any CPU
		{6D693BF9-D6AC-4AB8-8752-8DCBBBE2F047}.Debug|Any CPU.ActiveCfg = Debug|Any CPU
		{6D693BF9-D6AC-4AB8-8752-8DCBBBE2F047}.Debug|Any CPU.Build.0 = Debug|Any CPU
		{6D693BF9-D6AC-4AB8-8752-8DCBBBE2F047}.Release|Any CPU.ActiveCfg = Release|Any CPU
		{6D693BF9-D6AC-4AB8-8752-8DCBBBE2F047}.Release|Any CPU.Build.0 = Release|Any CPU
		{072DDC89-28C7-426B-9EC7-7696B355D8F7}.Debug|Any CPU.ActiveCfg = Debug|Any CPU
		{072DDC89-28C7-426B-9EC7-7696B355D8F7}.Debug|Any CPU.Build.0 = Debug|Any CPU
		{072DDC89-28C7-426B-9EC7-7696B355D8F7}.Release|Any CPU.ActiveCfg = Release|Any CPU
		{072DDC89-28C7-426B-9EC7-7696B355D8F7}.Release|Any CPU.Build.0 = Release|Any CPU
		{98757F18-C946-4DDD-BEC6-81E1C686E5EC}.Debug|Any CPU.ActiveCfg = Debug|Any CPU
		{98757F18-C946-4DDD-BEC6-81E1C686E5EC}.Debug|Any CPU.Build.0 = Debug|Any CPU
		{98757F18-C946-4DDD-BEC6-81E1C686E5EC}.Release|Any CPU.ActiveCfg = Release|Any CPU
		{98757F18-C946-4DDD-BEC6-81E1C686E5EC}.Release|Any CPU.Build.0 = Release|Any CPU
		{1B86E627-4E15-4E2E-A57C-B5A6CA395EF5}.Debug|Any CPU.ActiveCfg = Debug|Any CPU
		{1B86E627-4E15-4E2E-A57C-B5A6CA395EF5}.Debug|Any CPU.Build.0 = Debug|Any CPU
		{1B86E627-4E15-4E2E-A57C-B5A6CA395EF5}.Release|Any CPU.ActiveCfg = Release|Any CPU
		{1B86E627-4E15-4E2E-A57C-B5A6CA395EF5}.Release|Any CPU.Build.0 = Release|Any CPU
		{D272BA23-E21D-4448-B0AA-1511C8443B8E}.Debug|Any CPU.ActiveCfg = Debug|Any CPU
		{D272BA23-E21D-4448-B0AA-1511C8443B8E}.Debug|Any CPU.Build.0 = Debug|Any CPU
		{D272BA23-E21D-4448-B0AA-1511C8443B8E}.Release|Any CPU.ActiveCfg = Release|Any CPU
		{D272BA23-E21D-4448-B0AA-1511C8443B8E}.Release|Any CPU.Build.0 = Release|Any CPU
	EndGlobalSection
	GlobalSection(SolutionProperties) = preSolution
		HideSolutionNode = FALSE
	EndGlobalSection
	GlobalSection(NestedProjects) = preSolution
		{CE1F50A0-47B4-4A67-9DC9-39FFCDAF4E84} = {C2BEAD2A-3EB0-4E15-B2AF-389E67B3A69B}
		{BF15BDB1-F44A-4010-824C-4BCCA5F77EFB} = {C2BEAD2A-3EB0-4E15-B2AF-389E67B3A69B}
		{F74B7925-624C-4B16-84EC-1E8B08E132C2} = {C2BEAD2A-3EB0-4E15-B2AF-389E67B3A69B}
		{91E0EF5E-4375-4147-A96F-2B8554E8E328} = {F74B7925-624C-4B16-84EC-1E8B08E132C2}
		{6D693BF9-D6AC-4AB8-8752-8DCBBBE2F047} = {BF15BDB1-F44A-4010-824C-4BCCA5F77EFB}
		{072DDC89-28C7-426B-9EC7-7696B355D8F7} = {CE1F50A0-47B4-4A67-9DC9-39FFCDAF4E84}
		{98757F18-C946-4DDD-BEC6-81E1C686E5EC} = {60155D4E-CDEE-4BB8-AF86-C360C7AD761C}
		{1B86E627-4E15-4E2E-A57C-B5A6CA395EF5} = {60155D4E-CDEE-4BB8-AF86-C360C7AD761C}
		{F8710A3E-E727-4B07-946B-30433C5BC5EE} = {C2BEAD2A-3EB0-4E15-B2AF-389E67B3A69B}
		{D272BA23-E21D-4448-B0AA-1511C8443B8E} = {F8710A3E-E727-4B07-946B-30433C5BC5EE}
	EndGlobalSection
	GlobalSection(ExtensibilityGlobals) = postSolution
		SolutionGuid = {F03D8B29-0979-4217-9A9D-571D5FBD6AAA}
	EndGlobalSection
EndGlobal
